
Microsoft Visual Studio Solution File, Format Version 12.00
# Visual Studio Version 16
VisualStudioVersion = 16.0.30002.166
MinimumVisualStudioVersion = 10.0.40219.1
Project("{FAE04EC0-301F-11D3-BF4B-00C04F79EFBC}") = "EDlib", "EDlib\EDlib.csproj", "{35A9DEA1-C590-46F1-A7B0-563C47A0F86A}"
EndProject
Global
	GlobalSection(SolutionConfigurationPlatforms) = preSolution
		Debug|Any CPU = Debug|Any CPU
		Release|Any CPU = Release|Any CPU
	EndGlobalSection
	GlobalSection(ProjectConfigurationPlatforms) = postSolution
		{35A9DEA1-C590-46F1-A7B0-563C47A0F86A}.Debug|Any CPU.ActiveCfg = Debug|Any CPU
		{35A9DEA1-C590-46F1-A7B0-563C47A0F86A}.Debug|Any CPU.Build.0 = Debug|Any CPU
		{35A9DEA1-C590-46F1-A7B0-563C47A0F86A}.Release|Any CPU.ActiveCfg = Release|Any CPU
		{35A9DEA1-C590-46F1-A7B0-563C47A0F86A}.Release|Any CPU.Build.0 = Release|Any CPU
	EndGlobalSection
	GlobalSection(SolutionProperties) = preSolution
		HideSolutionNode = FALSE
	EndGlobalSection
	GlobalSection(ExtensibilityGlobals) = postSolution
		SolutionGuid = {92369902-4980-4395-8AAE-EB6E4A628CE3}
	EndGlobalSection
EndGlobal
